
Microsoft Visual Studio Solution File, Format Version 12.00
# Visual Studio Version 17
VisualStudioVersion = 17.5.33414.496
MinimumVisualStudioVersion = 10.0.40219.1
Project("{9A19103F-16F7-4668-BE54-9A1E7A4F7556}") = "ScreenSound", "ScreenSound.csproj", "{1FE72D13-07AD-4E4C-84A2-AEDC054DB797}"
EndProject
Global
	GlobalSection(SolutionConfigurationPlatforms) = preSolution
		Debug|Any CPU = Debug|Any CPU
		Release|Any CPU = Release|Any CPU
	EndGlobalSection
	GlobalSection(ProjectConfigurationPlatforms) = postSolution
		{1FE72D13-07AD-4E4C-84A2-AEDC054DB797}.Debug|Any CPU.ActiveCfg = Debug|Any CPU
		{1FE72D13-07AD-4E4C-84A2-AEDC054DB797}.Debug|Any CPU.Build.0 = Debug|Any CPU
		{1FE72D13-07AD-4E4C-84A2-AEDC054DB797}.Release|Any CPU.ActiveCfg = Release|Any CPU
		{1FE72D13-07AD-4E4C-84A2-AEDC054DB797}.Release|Any CPU.Build.0 = Release|Any CPU
	EndGlobalSection
	GlobalSection(SolutionProperties) = preSolution
		HideSolutionNode = FALSE
	EndGlobalSection
	GlobalSection(ExtensibilityGlobals) = postSolution
		SolutionGuid = {BDC88E6A-9656-4D8A-B59C-4936E8BFB146}
	EndGlobalSection
EndGlobal
